
Microsoft Visual Studio Solution File, Format Version 12.00
# Visual Studio 15
VisualStudioVersion = 15.0.28010.2026
MinimumVisualStudioVersion = 10.0.40219.1
Project("{FAE04EC0-301F-11D3-BF4B-00C04F79EFBC}") = "PulsarPluginLoader", "PulsarPluginLoader\PulsarPluginLoader.csproj", "{CF6CE9BA-9603-439D-9173-96C052C94417}"
EndProject
Project("{FAE04EC0-301F-11D3-BF4B-00C04F79EFBC}") = "PulsarInjector", "PulsarInjector\PulsarInjector.csproj", "{F15E6EFA-3584-4503-98E0-17D3E87900F5}"
EndProject
Global
	GlobalSection(SolutionConfigurationPlatforms) = preSolution
		Debug|Any CPU = Debug|Any CPU
		Release|Any CPU = Release|Any CPU
	EndGlobalSection
	GlobalSection(ProjectConfigurationPlatforms) = postSolution
		{CF6CE9BA-9603-439D-9173-96C052C94417}.Debug|Any CPU.ActiveCfg = Debug|Any CPU
		{CF6CE9BA-9603-439D-9173-96C052C94417}.Debug|Any CPU.Build.0 = Debug|Any CPU
		{CF6CE9BA-9603-439D-9173-96C052C94417}.Release|Any CPU.ActiveCfg = Release|Any CPU
		{CF6CE9BA-9603-439D-9173-96C052C94417}.Release|Any CPU.Build.0 = Release|Any CPU
		{F15E6EFA-3584-4503-98E0-17D3E87900F5}.Debug|Any CPU.ActiveCfg = Debug|Any CPU
		{F15E6EFA-3584-4503-98E0-17D3E87900F5}.Debug|Any CPU.Build.0 = Debug|Any CPU
		{F15E6EFA-3584-4503-98E0-17D3E87900F5}.Release|Any CPU.ActiveCfg = Release|Any CPU
		{F15E6EFA-3584-4503-98E0-17D3E87900F5}.Release|Any CPU.Build.0 = Release|Any CPU
	EndGlobalSection
	GlobalSection(SolutionProperties) = preSolution
		HideSolutionNode = FALSE
	EndGlobalSection
	GlobalSection(ExtensibilityGlobals) = postSolution
		SolutionGuid = {EE2CC558-A12D-4F3B-A159-494C55A70EB2}
	EndGlobalSection
EndGlobal
